PODS:
  - PagingKit (1.11.0)
  - SwiftyJSON (4.3.0)

DEPENDENCIES:
  - PagingKit
  - SwiftyJSON (~> 4.0)

SPEC REPOS:
  trunk:
    - PagingKit
    - SwiftyJSON

SPEC CHECKSUMS:
  PagingKit: 0f5ddbf2c742e245eeca450e9c0d1882380c3dc5
  SwiftyJSON: 6faa0040f8b59dead0ee07436cbf76b73c08fd08

PODFILE CHECKSUM: 52f491f2ec4124009f5da158657c37c2834eabad

COCOAPODS: 1.8.4
